
Microsoft Visual Studio Solution File, Format Version 12.00
# Visual Studio Version 17
VisualStudioVersion = 17.5.33530.505
MinimumVisualStudioVersion = 10.0.40219.1
Project("{FAE04EC0-301F-11D3-BF4B-00C04F79EFBC}") = "sports_app", "sports_app\sports_app.csproj", "{660BF027-C1F9-4A14-BDC7-534A0711EF72}"
EndProject
Global
	GlobalSection(SolutionConfigurationPlatforms) = preSolution
		Debug|Any CPU = Debug|Any CPU
		Release|Any CPU = Release|Any CPU
	EndGlobalSection
	GlobalSection(ProjectConfigurationPlatforms) = postSolution
		{660BF027-C1F9-4A14-BDC7-534A0711EF72}.Debug|Any CPU.ActiveCfg = Debug|Any CPU
		{660BF027-C1F9-4A14-BDC7-534A0711EF72}.Debug|Any CPU.Build.0 = Debug|Any CPU
		{660BF027-C1F9-4A14-BDC7-534A0711EF72}.Release|Any CPU.ActiveCfg = Release|Any CPU
		{660BF027-C1F9-4A14-BDC7-534A0711EF72}.Release|Any CPU.Build.0 = Release|Any CPU
	EndGlobalSection
	GlobalSection(SolutionProperties) = preSolution
		HideSolutionNode = FALSE
	EndGlobalSection
	GlobalSection(ExtensibilityGlobals) = postSolution
		SolutionGuid = {F776C8AF-9C68-4E43-8AC3-AEB5A888CAB7}
	EndGlobalSection
EndGlobal
